
Microsoft Visual Studio Solution File, Format Version 12.00
# Visual Studio Version 17
VisualStudioVersion = 17.5.33414.496
MinimumVisualStudioVersion = 10.0.40219.1
Project("{FAE04EC0-301F-11D3-BF4B-00C04F79EFBC}") = "cbu", "cbu\cbu.csproj", "{B05B91C7-BD37-40E5-AAFC-2903FA7BA199}"
EndProject
Global
	GlobalSection(SolutionConfigurationPlatforms) = preSolution
		Debug|Any CPU = Debug|Any CPU
		Release|Any CPU = Release|Any CPU
	EndGlobalSection
	GlobalSection(ProjectConfigurationPlatforms) = postSolution
		{B05B91C7-BD37-40E5-AAFC-2903FA7BA199}.Debug|Any CPU.ActiveCfg = Debug|Any CPU
		{B05B91C7-BD37-40E5-AAFC-2903FA7BA199}.Debug|Any CPU.Build.0 = Debug|Any CPU
		{B05B91C7-BD37-40E5-AAFC-2903FA7BA199}.Release|Any CPU.ActiveCfg = Release|Any CPU
		{B05B91C7-BD37-40E5-AAFC-2903FA7BA199}.Release|Any CPU.Build.0 = Release|Any CPU
	EndGlobalSection
	GlobalSection(SolutionProperties) = preSolution
		HideSolutionNode = FALSE
	EndGlobalSection
	GlobalSection(ExtensibilityGlobals) = postSolution
		SolutionGuid = {BBEF17E0-9882-44E0-92A0-76919D8153D8}
	EndGlobalSection
EndGlobal
